<Solution>
  <Folder Name="/Solution Items/">
    <File Path="../shared/Endpoints.http" />
    <File Path="../shared/resources/pubsub.yaml" />
    <File Path="../shared/resources/statestore.yaml" />
  </Folder>
  <Project Path="PizzaDelivery/PizzaDelivery.csproj" />
  <Project Path="PizzaKitchen/PizzaKitchen.csproj" />
  <Project Path="PizzaOrder/PizzaOrder.csproj" />
  <Project Path="PizzaStorefront/PizzaStorefront.csproj" />
</Solution>
